// !$*UTF8*$!
{
	archiveVersion = 1;
	classes = {
	};
	objectVersion = 50;
	objects = {

/* Begin PBXBuildFile section */
		180A052C22EA957E00AC7D19 /* ModalViewControllerTests.swift in Sources */ = {isa = PBXBuildFile; fileRef = 180A052B22EA957E00AC7D19 /* ModalViewControllerTests.swift */; };
		C915BBD92182AA8300AB3B35 /* AppDelegate.swift in Sources */ = {isa = PBXBuildFile; fileRef = C915BBD82182AA8300AB3B35 /* AppDelegate.swift */; };
		C915BBDB2182AA8300AB3B35 /* ViewController.swift in Sources */ = {isa = PBXBuildFile; fileRef = C915BBDA2182AA8300AB3B35 /* ViewController.swift */; };
		C915BBDE2182AA8300AB3B35 /* Main.storyboard in Resources */ = {isa = PBXBuildFile; fileRef = C915BBDC2182AA8300AB3B35 /* Main.storyboard */; };
		C915BBE02182AA8400AB3B35 /* Assets.xcassets in Resources */ = {isa = PBXBuildFile; fileRef = C915BBDF2182AA8400AB3B35 /* Assets.xcassets */; };
		C915BBE32182AA8400AB3B35 /* LaunchScreen.storyboard in Resources */ = {isa = PBXBuildFile; fileRef = C915BBE12182AA8400AB3B35 /* LaunchScreen.storyboard */; };
		C915BBEC2182AB2200AB3B35 /* ModalViewController.swift in Sources */ = {isa = PBXBuildFile; fileRef = C915BBEB2182AB2200AB3B35 /* ModalViewController.swift */; };
		C915BBEE2182AB6B00AB3B35 /* PresentationController.swift in Sources */ = {isa = PBXBuildFile; fileRef = C915BBED2182AB6B00AB3B35 /* PresentationController.swift */; };
		C915BBF62182CEAF00AB3B35 /* ModalAnimatedTransitioning.swift in Sources */ = {isa = PBXBuildFile; fileRef = C915BBF52182CEAF00AB3B35 /* ModalAnimatedTransitioning.swift */; };
		C915BBFA2182F6DD00AB3B35 /* ModalManager.podspec in Resources */ = {isa = PBXBuildFile; fileRef = C915BBF92182F6DD00AB3B35 /* ModalManager.podspec */; };
		C918DEDF21B519AD000F2AAC /* ModalViewController+ContentView.swift in Sources */ = {isa = PBXBuildFile; fileRef = C918DEDE21B519AD000F2AAC /* ModalViewController+ContentView.swift */; };
		C972593E2183002A003A6342 /* ModalContainerProtocol.swift in Sources */ = {isa = PBXBuildFile; fileRef = C972593D2183002A003A6342 /* ModalContainerProtocol.swift */; };
		C9DB104121844E7D00BE59C1 /* ModalPresentationDelegate.swift in Sources */ = {isa = PBXBuildFile; fileRef = C9DB104021844E7D00BE59C1 /* ModalPresentationDelegate.swift */; };
		C9DB1043218450A800BE59C1 /* ModalAnimatedTransitioningDelegate.swift in Sources */ = {isa = PBXBuildFile; fileRef = C9DB1042218450A800BE59C1 /* ModalAnimatedTransitioningDelegate.swift */; };
/* End PBXBuildFile section */

/* Begin PBXContainerItemProxy section */
		180A052E22EA957E00AC7D19 /* PBXContainerItemProxy */ = {
			isa = PBXContainerItemProxy;
			containerPortal = C915BBCD2182AA8300AB3B35 /* Project object */;
			proxyType = 1;
			remoteGlobalIDString = C915BBD42182AA8300AB3B35;
			remoteInfo = ModalViewController;
		};
/* End PBXContainerItemProxy section */

/* Begin PBXFileReference section */
		180A052922EA957E00AC7D19 /* ModalViewControllerTests.xctest */ = {isa = PBXFileReference; explicitFileType = wrapper.cfbundle; includeInIndex = 0; path = ModalViewControllerTests.xctest; sourceTree = BUILT_PRODUCTS_DIR; };
		180A052B22EA957E00AC7D19 /* ModalViewControllerTests.swift */ = {isa = PBXFileReference; lastKnownFileType = sourcecode.swift; path = ModalViewControllerTests.swift; sourceTree = "<group>"; };
		180A052D22EA957E00AC7D19 /* Info.plist */ = {isa = PBXFileReference; lastKnownFileType = text.plist.xml; path = Info.plist; sourceTree = "<group>"; };
		C915BBD52182AA8300AB3B35 /* ModalViewController.app */ = {isa = PBXFileReference; explicitFileType = wrapper.application; includeInIndex = 0; path = ModalViewController.app; sourceTree = BUILT_PRODUCTS_DIR; };
		C915BBD82182AA8300AB3B35 /* AppDelegate.swift */ = {isa = PBXFileReference; lastKnownFileType = sourcecode.swift; path = AppDelegate.swift; sourceTree = "<group>"; };
		C915BBDA2182AA8300AB3B35 /* ViewController.swift */ = {isa = PBXFileReference; lastKnownFileType = sourcecode.swift; path = ViewController.swift; sourceTree = "<group>"; };
		C915BBDD2182AA8300AB3B35 /* Base */ = {isa = PBXFileReference; lastKnownFileType = file.storyboard; name = Base; path = Base.lproj/Main.storyboard; sourceTree = "<group>"; };
		C915BBDF2182AA8400AB3B35 /* Assets.xcassets */ = {isa = PBXFileReference; lastKnownFileType = folder.assetcatalog; path = Assets.xcassets; sourceTree = "<group>"; };
		C915BBE22182AA8400AB3B35 /* Base */ = {isa = PBXFileReference; lastKnownFileType = file.storyboard; name = Base; path = Base.lproj/LaunchScreen.storyboard; sourceTree = "<group>"; };
		C915BBE42182AA8400AB3B35 /* Info.plist */ = {isa = PBXFileReference; lastKnownFileType = text.plist.xml; path = Info.plist; sourceTree = "<group>"; };
		C915BBEB2182AB2200AB3B35 /* ModalViewController.swift */ = {isa = PBXFileReference; lastKnownFileType = sourcecode.swift; path = ModalViewController.swift; sourceTree = "<group>"; };
		C915BBED2182AB6B00AB3B35 /* PresentationController.swift */ = {isa = PBXFileReference; lastKnownFileType = sourcecode.swift; path = PresentationController.swift; sourceTree = "<group>"; };
		C915BBF52182CEAF00AB3B35 /* ModalAnimatedTransitioning.swift */ = {isa = PBXFileReference; lastKnownFileType = sourcecode.swift; path = ModalAnimatedTransitioning.swift; sourceTree = "<group>"; };
		C915BBF92182F6DD00AB3B35 /* ModalManager.podspec */ = {isa = PBXFileReference; fileEncoding = 4; lastKnownFileType = text; path = ModalManager.podspec; sourceTree = "<group>"; };
		C918DEDE21B519AD000F2AAC /* ModalViewController+ContentView.swift */ = {isa = PBXFileReference; lastKnownFileType = sourcecode.swift; path = "ModalViewController+ContentView.swift"; sourceTree = "<group>"; };
		C972593D2183002A003A6342 /* ModalContainerProtocol.swift */ = {isa = PBXFileReference; lastKnownFileType = sourcecode.swift; path = ModalContainerProtocol.swift; sourceTree = "<group>"; };
		C9DB104021844E7D00BE59C1 /* ModalPresentationDelegate.swift */ = {isa = PBXFileReference; lastKnownFileType = sourcecode.swift; path = ModalPresentationDelegate.swift; sourceTree = "<group>"; };
		C9DB1042218450A800BE59C1 /* ModalAnimatedTransitioningDelegate.swift */ = {isa = PBXFileReference; lastKnownFileType = sourcecode.swift; path = ModalAnimatedTransitioningDelegate.swift; sourceTree = "<group>"; };
/* End PBXFileReference section */

/* Begin PBXFrameworksBuildPhase section */
		180A052622EA957E00AC7D19 /* Frameworks */ = {
			isa = PBXFrameworksBuildPhase;
			buildActionMask = 2147483647;
			files = (
			);
			runOnlyForDeploymentPostprocessing = 0;
		};
		C915BBD22182AA8300AB3B35 /* Frameworks */ = {
			isa = PBXFrameworksBuildPhase;
			buildActionMask = 2147483647;
			files = (
			);
			runOnlyForDeploymentPostprocessing = 0;
		};
/* End PBXFrameworksBuildPhase section */

/* Begin PBXGroup section */
		180A052A22EA957E00AC7D19 /* ModalViewControllerTests */ = {
			isa = PBXGroup;
			children = (
				180A052B22EA957E00AC7D19 /* ModalViewControllerTests.swift */,
				180A052D22EA957E00AC7D19 /* Info.plist */,
			);
			path = ModalViewControllerTests;
			sourceTree = "<group>";
		};
		C915BBCC2182AA8300AB3B35 = {
			isa = PBXGroup;
			children = (
				C915BBF92182F6DD00AB3B35 /* ModalManager.podspec */,
				C915BBEA2182AACE00AB3B35 /* Sources */,
				C915BBD72182AA8300AB3B35 /* ModalViewController */,
				180A052A22EA957E00AC7D19 /* ModalViewControllerTests */,
				C915BBD62182AA8300AB3B35 /* Products */,
			);
			sourceTree = "<group>";
		};
		C915BBD62182AA8300AB3B35 /* Products */ = {
			isa = PBXGroup;
			children = (
				C915BBD52182AA8300AB3B35 /* ModalViewController.app */,
				180A052922EA957E00AC7D19 /* ModalViewControllerTests.xctest */,
			);
			name = Products;
			sourceTree = "<group>";
		};
		C915BBD72182AA8300AB3B35 /* ModalViewController */ = {
			isa = PBXGroup;
			children = (
				C915BBD82182AA8300AB3B35 /* AppDelegate.swift */,
				C915BBDA2182AA8300AB3B35 /* ViewController.swift */,
				C915BBDC2182AA8300AB3B35 /* Main.storyboard */,
				C915BBDF2182AA8400AB3B35 /* Assets.xcassets */,
				C915BBE12182AA8400AB3B35 /* LaunchScreen.storyboard */,
				C915BBE42182AA8400AB3B35 /* Info.plist */,
			);
			path = ModalViewController;
			sourceTree = "<group>";
		};
		C915BBEA2182AACE00AB3B35 /* Sources */ = {
			isa = PBXGroup;
			children = (
				C972593D2183002A003A6342 /* ModalContainerProtocol.swift */,
				C9DB104021844E7D00BE59C1 /* ModalPresentationDelegate.swift */,
				C9DB1042218450A800BE59C1 /* ModalAnimatedTransitioningDelegate.swift */,
				C93BA1A421832F80007C34CE /* Base */,
			);
			path = Sources;
			sourceTree = "<group>";
		};
		C93BA1A421832F80007C34CE /* Base */ = {
			isa = PBXGroup;
			children = (
				C915BBF52182CEAF00AB3B35 /* ModalAnimatedTransitioning.swift */,
				C915BBEB2182AB2200AB3B35 /* ModalViewController.swift */,
				C918DEDE21B519AD000F2AAC /* ModalViewController+ContentView.swift */,
				C915BBED2182AB6B00AB3B35 /* PresentationController.swift */,
			);
			path = Base;
			sourceTree = "<group>";
		};
/* End PBXGroup section */

/* Begin PBXNativeTarget section */
		180A052822EA957E00AC7D19 /* ModalViewControllerTests */ = {
			isa = PBXNativeTarget;
			buildConfigurationList = 180A053222EA957E00AC7D19 /* Build configuration list for PBXNativeTarget "ModalViewControllerTests" */;
			buildPhases = (
				180A052522EA957E00AC7D19 /* Sources */,
				180A052622EA957E00AC7D19 /* Frameworks */,
				180A052722EA957E00AC7D19 /* Resources */,
			);
			buildRules = (
			);
			dependencies = (
				180A052F22EA957E00AC7D19 /* PBXTargetDependency */,
			);
			name = ModalViewControllerTests;
			productName = ModalViewControllerTests;
			productReference = 180A052922EA957E00AC7D19 /* ModalViewControllerTests.xctest */;
			productType = "com.apple.product-type.bundle.unit-test";
		};
		C915BBD42182AA8300AB3B35 /* ModalViewController */ = {
			isa = PBXNativeTarget;
			buildConfigurationList = C915BBE72182AA8400AB3B35 /* Build configuration list for PBXNativeTarget "ModalViewController" */;
			buildPhases = (
				C915BBD12182AA8300AB3B35 /* Sources */,
				C915BBD22182AA8300AB3B35 /* Frameworks */,
				C915BBD32182AA8300AB3B35 /* Resources */,
			);
			buildRules = (
			);
			dependencies = (
			);
			name = ModalViewController;
			productName = ModalViewController;
			productReference = C915BBD52182AA8300AB3B35 /* ModalViewController.app */;
			productType = "com.apple.product-type.application";
		};
/* End PBXNativeTarget section */

/* Begin PBXProject section */
		C915BBCD2182AA8300AB3B35 /* Project object */ = {
			isa = PBXProject;
			attributes = {
				LastSwiftUpdateCheck = 1030;
				LastUpgradeCheck = 1000;
				ORGANIZATIONNAME = zjade;
				TargetAttributes = {
					180A052822EA957E00AC7D19 = {
						CreatedOnToolsVersion = 10.3;
						TestTargetID = C915BBD42182AA8300AB3B35;
					};
					C915BBD42182AA8300AB3B35 = {
						CreatedOnToolsVersion = 10.0;
					};
				};
			};
			buildConfigurationList = C915BBD02182AA8300AB3B35 /* Build configuration list for PBXProject "ModalViewController" */;
			compatibilityVersion = "Xcode 9.3";
			developmentRegion = en;
			hasScannedForEncodings = 0;
			knownRegions = (
				en,
				Base,
			);
			mainGroup = C915BBCC2182AA8300AB3B35;
			productRefGroup = C915BBD62182AA8300AB3B35 /* Products */;
			projectDirPath = "";
			projectRoot = "";
			targets = (
				C915BBD42182AA8300AB3B35 /* ModalViewController */,
				180A052822EA957E00AC7D19 /* ModalViewControllerTests */,
			);
		};
/* End PBXProject section */

/* Begin PBXResourcesBuildPhase section */
		180A052722EA957E00AC7D19 /* Resources */ = {
			isa = PBXResourcesBuildPhase;
			buildActionMask = 2147483647;
			files = (
			);
			runOnlyForDeploymentPostprocessing = 0;
		};
		C915BBD32182AA8300AB3B35 /* Resources */ = {
			isa = PBXResourcesBuildPhase;
			buildActionMask = 2147483647;
			files = (
				C915BBE32182AA8400AB3B35 /* LaunchScreen.storyboard in Resources */,
				C915BBE02182AA8400AB3B35 /* Assets.xcassets in Resources */,
				C915BBDE2182AA8300AB3B35 /* Main.storyboard in Resources */,
				C915BBFA2182F6DD00AB3B35 /* ModalManager.podspec in Resources */,
			);
			runOnlyForDeploymentPostprocessing = 0;
		};
/* End PBXResourcesBuildPhase section */

/* Begin PBXSourcesBuildPhase section */
		180A052522EA957E00AC7D19 /* Sources */ = {
			isa = PBXSourcesBuildPhase;
			buildActionMask = 2147483647;
			files = (
				180A052C22EA957E00AC7D19 /* ModalViewControllerTests.swift in Sources */,
			);
			runOnlyForDeploymentPostprocessing = 0;
		};
		C915BBD12182AA8300AB3B35 /* Sources */ = {
			isa = PBXSourcesBuildPhase;
			buildActionMask = 2147483647;
			files = (
				C918DEDF21B519AD000F2AAC /* ModalViewController+ContentView.swift in Sources */,
				C915BBEE2182AB6B00AB3B35 /* PresentationController.swift in Sources */,
				C915BBDB2182AA8300AB3B35 /* ViewController.swift in Sources */,
				C915BBF62182CEAF00AB3B35 /* ModalAnimatedTransitioning.swift in Sources */,
				C915BBEC2182AB2200AB3B35 /* ModalViewController.swift in Sources */,
				C9DB1043218450A800BE59C1 /* ModalAnimatedTransitioningDelegate.swift in Sources */,
				C9DB104121844E7D00BE59C1 /* ModalPresentationDelegate.swift in Sources */,
				C915BBD92182AA8300AB3B35 /* AppDelegate.swift in Sources */,
				C972593E2183002A003A6342 /* ModalContainerProtocol.swift in Sources */,
			);
			runOnlyForDeploymentPostprocessing = 0;
		};
/* End PBXSourcesBuildPhase section */

/* Begin PBXTargetDependency section */
		180A052F22EA957E00AC7D19 /* PBXTargetDependency */ = {
			isa = PBXTargetDependency;
			target = C915BBD42182AA8300AB3B35 /* ModalViewController */;
			targetProxy = 180A052E22EA957E00AC7D19 /* PBXContainerItemProxy */;
		};
/* End PBXTargetDependency section */

/* Begin PBXVariantGroup section */
		C915BBDC2182AA8300AB3B35 /* Main.storyboard */ = {
			isa = PBXVariantGroup;
			children = (
				C915BBDD2182AA8300AB3B35 /* Base */,
			);
			name = Main.storyboard;
			sourceTree = "<group>";
		};
		C915BBE12182AA8400AB3B35 /* LaunchScreen.storyboard */ = {
			isa = PBXVariantGroup;
			children = (
				C915BBE22182AA8400AB3B35 /* Base */,
			);
			name = LaunchScreen.storyboard;
			sourceTree = "<group>";
		};
/* End PBXVariantGroup section */

/* Begin XCBuildConfiguration section */
		180A053022EA957E00AC7D19 /* Debug */ = {
			isa = XCBuildConfiguration;
			buildSettings = {
				BUNDLE_LOADER = "$(TEST_HOST)";
				CODE_SIGN_STYLE = Automatic;
				INFOPLIST_FILE = ModalViewControllerTests/Info.plist;
				IPHONEOS_DEPLOYMENT_TARGET = 12.4;
				LD_RUNPATH_SEARCH_PATHS = (
					"$(inherited)",
					"@executable_path/Frameworks",
					"@loader_path/Frameworks",
				);
				PRODUCT_BUNDLE_IDENTIFIER = com.zjade.ModalViewControllerTests;
				PRODUCT_NAME = "$(TARGET_NAME)";
				SWIFT_VERSION = 5.0;
				TARGETED_DEVICE_FAMILY = "1,2";
				TEST_HOST = "$(BUILT_PRODUCTS_DIR)/ModalViewController.app/ModalViewController";
			};
			name = Debug;
		};
		180A053122EA957E00AC7D19 /* Release */ = {
			isa = XCBuildConfiguration;
			buildSettings = {
				BUNDLE_LOADER = "$(TEST_HOST)";
				CODE_SIGN_STYLE = Automatic;
				INFOPLIST_FILE = ModalViewControllerTests/Info.plist;
				IPHONEOS_DEPLOYMENT_TARGET = 12.4;
				LD_RUNPATH_SEARCH_PATHS = (
					"$(inherited)",
					"@executable_path/Frameworks",
					"@loader_path/Frameworks",
				);
				PRODUCT_BUNDLE_IDENTIFIER = com.zjade.ModalViewControllerTests;
				PRODUCT_NAME = "$(TARGET_NAME)";
				SWIFT_VERSION = 5.0;
				TARGETED_DEVICE_FAMILY = "1,2";
				TEST_HOST = "$(BUILT_PRODUCTS_DIR)/ModalViewController.app/ModalViewController";
			};
			name = Release;
		};
		C915BBE52182AA8400AB3B35 /* Debug */ = {
			isa = XCBuildConfiguration;
			buildSettings = {
				ALWAYS_SEARCH_USER_PATHS = NO;
				CLANG_ANALYZER_NONNULL = YES;
				CLANG_ANALYZER_NUMBER_OBJECT_CONVERSION = YES_AGGRESSIVE;
				CLANG_CXX_LANGUAGE_STANDARD = "gnu++14";
				CLANG_CXX_LIBRARY = "libc++";
				CLANG_ENABLE_MODULES = YES;
				CLANG_ENABLE_OBJC_ARC = YES;
				CLANG_ENABLE_OBJC_WEAK = YES;
				CLANG_WARN_BLOCK_CAPTURE_AUTORELEASING = YES;
				CLANG_WARN_BOOL_CONVERSION = YES;
				CLANG_WARN_COMMA = YES;
				CLANG_WARN_CONSTANT_CONVERSION = YES;
				CLANG_WARN_DEPRECATED_OBJC_IMPLEMENTATIONS = YES;
				CLANG_WARN_DIRECT_OBJC_ISA_USAGE = YES_ERROR;
				CLANG_WARN_DOCUMENTATION_COMMENTS = YES;
				CLANG_WARN_EMPTY_BODY = YES;
				CLANG_WARN_ENUM_CONVERSION = YES;
				CLANG_WARN_INFINITE_RECURSION = YES;
				CLANG_WARN_INT_CONVERSION = YES;
				CLANG_WARN_NON_LITERAL_NULL_CONVERSION = YES;
				CLANG_WARN_OBJC_IMPLICIT_RETAIN_SELF = YES;
				CLANG_WARN_OBJC_LITERAL_CONVERSION = YES;
				CLANG_WARN_OBJC_ROOT_CLASS = YES_ERROR;
				CLANG_WARN_RANGE_LOOP_ANALYSIS = YES;
				CLANG_WARN_STRICT_PROTOTYPES = YES;
				CLANG_WARN_SUSPICIOUS_MOVE = YES;
				CLANG_WARN_UNGUARDED_AVAILABILITY = YES_AGGRESSIVE;
				CLANG_WARN_UNREACHABLE_CODE = YES;
				CLANG_WARN__DUPLICATE_METHOD_MATCH = YES;
				CODE_SIGN_IDENTITY = "iPhone Developer";
				COPY_PHASE_STRIP = NO;
				DEBUG_INFORMATION_FORMAT = dwarf;
				ENABLE_STRICT_OBJC_MSGSEND = YES;
				ENABLE_TESTABILITY = YES;
				GCC_C_LANGUAGE_STANDARD = gnu11;
				GCC_DYNAMIC_NO_PIC = NO;
				GCC_NO_COMMON_BLOCKS = YES;
				GCC_OPTIMIZATION_LEVEL = 0;
				GCC_PREPROCESSOR_DEFINITIONS = (
					"DEBUG=1",
					"$(inherited)",
				);
				GCC_WARN_64_TO_32_BIT_CONVERSION = YES;
				GCC_WARN_ABOUT_RETURN_TYPE = YES_ERROR;
				GCC_WARN_UNDECLARED_SELECTOR = YES;
				GCC_WARN_UNINITIALIZED_AUTOS = YES_AGGRESSIVE;
				GCC_WARN_UNUSED_FUNCTION = YES;
				GCC_WARN_UNUSED_VARIABLE = YES;
				IPHONEOS_DEPLOYMENT_TARGET = 9;
				MTL_ENABLE_DEBUG_INFO = INCLUDE_SOURCE;
				MTL_FAST_MATH = YES;
				ONLY_ACTIVE_ARCH = YES;
				SDKROOT = iphoneos;
				SWIFT_ACTIVE_COMPILATION_CONDITIONS = DEBUG;
				SWIFT_OPTIMIZATION_LEVEL = "-Onone";
				SWIFT_VERSION = 5.0;
			};
			name = Debug;
		};
		C915BBE62182AA8400AB3B35 /* Release */ = {
			isa = XCBuildConfiguration;
			buildSettings = {
				ALWAYS_SEARCH_USER_PATHS = NO;
				CLANG_ANALYZER_NONNULL = YES;
				CLANG_ANALYZER_NUMBER_OBJECT_CONVERSION = YES_AGGRESSIVE;
				CLANG_CXX_LANGUAGE_STANDARD = "gnu++14";
				CLANG_CXX_LIBRARY = "libc++";
				CLANG_ENABLE_MODULES = YES;
				CLANG_ENABLE_OBJC_ARC = YES;
				CLANG_ENABLE_OBJC_WEAK = YES;
				CLANG_WARN_BLOCK_CAPTURE_AUTORELEASING = YES;
				CLANG_WARN_BOOL_CONVERSION = YES;
				CLANG_WARN_COMMA = YES;
				CLANG_WARN_CONSTANT_CONVERSION = YES;
				CLANG_WARN_DEPRECATED_OBJC_IMPLEMENTATIONS = YES;
				CLANG_WARN_DIRECT_OBJC_ISA_USAGE = YES_ERROR;
				CLANG_WARN_DOCUMENTATION_COMMENTS = YES;
				CLANG_WARN_EMPTY_BODY = YES;
				CLANG_WARN_ENUM_CONVERSION = YES;
				CLANG_WARN_INFINITE_RECURSION = YES;
				CLANG_WARN_INT_CONVERSION = YES;
				CLANG_WARN_NON_LITERAL_NULL_CONVERSION = YES;
				CLANG_WARN_OBJC_IMPLICIT_RETAIN_SELF = YES;
				CLANG_WARN_OBJC_LITERAL_CONVERSION = YES;
				CLANG_WARN_OBJC_ROOT_CLASS = YES_ERROR;
				CLANG_WARN_RANGE_LOOP_ANALYSIS = YES;
				CLANG_WARN_STRICT_PROTOTYPES = YES;
				CLANG_WARN_SUSPICIOUS_MOVE = YES;
				CLANG_WARN_UNGUARDED_AVAILABILITY = YES_AGGRESSIVE;
				CLANG_WARN_UNREACHABLE_CODE = YES;
				CLANG_WARN__DUPLICATE_METHOD_MATCH = YES;
				CODE_SIGN_IDENTITY = "iPhone Developer";
				COPY_PHASE_STRIP = NO;
				DEBUG_INFORMATION_FORMAT = "dwarf-with-dsym";
				ENABLE_NS_ASSERTIONS = NO;
				ENABLE_STRICT_OBJC_MSGSEND = YES;
				GCC_C_LANGUAGE_STANDARD = gnu11;
				GCC_NO_COMMON_BLOCKS = YES;
				GCC_WARN_64_TO_32_BIT_CONVERSION = YES;
				GCC_WARN_ABOUT_RETURN_TYPE = YES_ERROR;
				GCC_WARN_UNDECLARED_SELECTOR = YES;
				GCC_WARN_UNINITIALIZED_AUTOS = YES_AGGRESSIVE;
				GCC_WARN_UNUSED_FUNCTION = YES;
				GCC_WARN_UNUSED_VARIABLE = YES;
				IPHONEOS_DEPLOYMENT_TARGET = 9;
				MTL_ENABLE_DEBUG_INFO = NO;
				MTL_FAST_MATH = YES;
				SDKROOT = iphoneos;
				SWIFT_COMPILATION_MODE = wholemodule;
				SWIFT_OPTIMIZATION_LEVEL = "-O";
				SWIFT_VERSION = 5.0;
				VALIDATE_PRODUCT = YES;
			};
			name = Release;
		};
		C915BBE82182AA8400AB3B35 /* Debug */ = {
			isa = XCBuildConfiguration;
			buildSettings = {
				ASSETCATALOG_COMPILER_APPICON_NAME = AppIcon;
				CODE_SIGN_STYLE = Automatic;
				DEVELOPMENT_TEAM = MG2ZSL4NR6;
				INFOPLIST_FILE = ModalViewController/Info.plist;
				LD_RUNPATH_SEARCH_PATHS = (
					"$(inherited)",
					"@executable_path/Frameworks",
				);
				PRODUCT_BUNDLE_IDENTIFIER = com.zjade.ModalViewController;
				PRODUCT_NAME = "$(TARGET_NAME)";
				SWIFT_VERSION = 5.0;
				TARGETED_DEVICE_FAMILY = 1;
			};
			name = Debug;
		};
		C915BBE92182AA8400AB3B35 /* Release */ = {
			isa = XCBuildConfiguration;
			buildSettings = {
				ASSETCATALOG_COMPILER_APPICON_NAME = AppIcon;
				CODE_SIGN_STYLE = Automatic;
				DEVELOPMENT_TEAM = MG2ZSL4NR6;
				INFOPLIST_FILE = ModalViewController/Info.plist;
				LD_RUNPATH_SEARCH_PATHS = (
					"$(inherited)",
					"@executable_path/Frameworks",
				);
				PRODUCT_BUNDLE_IDENTIFIER = com.zjade.ModalViewController;
				PRODUCT_NAME = "$(TARGET_NAME)";
				SWIFT_VERSION = 5.0;
				TARGETED_DEVICE_FAMILY = 1;
			};
			name = Release;
		};
/* End XCBuildConfiguration section */

/* Begin XCConfigurationList section */
		180A053222EA957E00AC7D19 /* Build configuration list for PBXNativeTarget "ModalViewControllerTests" */ = {
			isa = XCConfigurationList;
			buildConfigurations = (
				180A053022EA957E00AC7D19 /* Debug */,
				180A053122EA957E00AC7D19 /* Release */,
			);
			defaultConfigurationIsVisible = 0;
			defaultConfigurationName = Release;
		};
		C915BBD02182AA8300AB3B35 /* Build configuration list for PBXProject "ModalViewController" */ = {
			isa = XCConfigurationList;
			buildConfigurations = (
				C915BBE52182AA8400AB3B35 /* Debug */,
				C915BBE62182AA8400AB3B35 /* Release */,
			);
			defaultConfigurationIsVisible = 0;
			defaultConfigurationName = Release;
		};
		C915BBE72182AA8400AB3B35 /* Build configuration list for PBXNativeTarget "ModalViewController" */ = {
			isa = XCConfigurationList;
			buildConfigurations = (
				C915BBE82182AA8400AB3B35 /* Debug */,
				C915BBE92182AA8400AB3B35 /* Release */,
			);
			defaultConfigurationIsVisible = 0;
			defaultConfigurationName = Release;
		};
/* End XCConfigurationList section */
	};
	rootObject = C915BBCD2182AA8300AB3B35 /* Project object */;
}
